// !$*UTF8*$!
{
	archiveVersion = 1;
	classes = {
	};
	objectVersion = 46;
	objects = {

/* Begin PBXBuildFile section */
		91B7A9B31B627B1C00023BE2 /* AppDelegate.m in Sources */ = {isa = PBXBuildFile; fileRef = 91B7A9B21B627B1C00023BE2 /* AppDelegate.m */; };
		91B7A9B51B627B1C00023BE2 /* main.m in Sources */ = {isa = PBXBuildFile; fileRef = 91B7A9B41B627B1C00023BE2 /* main.m */; };
		91B7A9B71B627B1C00023BE2 /* Images.xcassets in Resources */ = {isa = PBXBuildFile; fileRef = 91B7A9B61B627B1C00023BE2 /* Images.xcassets */; };
		91B7A9BA1B627B1C00023BE2 /* MainMenu.xib in Resources */ = {isa = PBXBuildFile; fileRef = 91B7A9B81B627B1C00023BE2 /* MainMenu.xib */; };
		91B7A9C61B627B1C00023BE2 /* AVCompositionTestingTests.m in Sources */ = {isa = PBXBuildFile; fileRef = 91B7A9C51B627B1C00023BE2 /* AVCompositionTestingTests.m */; };
		91B7A9D11B627D5C00023BE2 /* VideoCompositor.m in Sources */ = {isa = PBXBuildFile; fileRef = 91B7A9D01B627D5B00023BE2 /* VideoCompositor.m */; };
		91B7A9D21B627D5C00023BE2 /* VideoCompositor.m in Sources */ = {isa = PBXBuildFile; fileRef = 91B7A9D01B627D5B00023BE2 /* VideoCompositor.m */; };
/* End PBXBuildFile section */

/* Begin PBXContainerItemProxy section */
		91B7A9C01B627B1C00023BE2 /* PBXContainerItemProxy */ = {
			isa = PBXContainerItemProxy;
			containerPortal = 91B7A9A41B627B1C00023BE2 /* Project object */;
			proxyType = 1;
			remoteGlobalIDString = 91B7A9AB1B627B1C00023BE2;
			remoteInfo = AVCompositionTesting;
		};
/* End PBXContainerItemProxy section */

/* Begin PBXFileReference section */
		91B7A9AC1B627B1C00023BE2 /* AVCompositionTesting.app */ = {isa = PBXFileReference; explicitFileType = wrapper.application; includeInIndex = 0; path = AVCompositionTesting.app; sourceTree = BUILT_PRODUCTS_DIR; };
		91B7A9B01B627B1C00023BE2 /* Info.plist */ = {isa = PBXFileReference; lastKnownFileType = text.plist.xml; path = Info.plist; sourceTree = "<group>"; };
		91B7A9B11B627B1C00023BE2 /* AppDelegate.h */ = {isa = PBXFileReference; lastKnownFileType = sourcecode.c.h; path = AppDelegate.h; sourceTree = "<group>"; };
		91B7A9B21B627B1C00023BE2 /* AppDelegate.m */ = {isa = PBXFileReference; lastKnownFileType = sourcecode.c.objc; path = AppDelegate.m; sourceTree = "<group>"; };
		91B7A9B41B627B1C00023BE2 /* main.m */ = {isa = PBXFileReference; lastKnownFileType = sourcecode.c.objc; path = main.m; sourceTree = "<group>"; };
		91B7A9B61B627B1C00023BE2 /* Images.xcassets */ = {isa = PBXFileReference; lastKnownFileType = folder.assetcatalog; path = Images.xcassets; sourceTree = "<group>"; };
		91B7A9B91B627B1C00023BE2 /* Base */ = {isa = PBXFileReference; lastKnownFileType = file.xib; name = Base; path = Base.lproj/MainMenu.xib; sourceTree = "<group>"; };
		91B7A9BF1B627B1C00023BE2 /* AVCompositionTestingTests.xctest */ = {isa = PBXFileReference; explicitFileType = wrapper.cfbundle; includeInIndex = 0; path = AVCompositionTestingTests.xctest; sourceTree = BUILT_PRODUCTS_DIR; };
		91B7A9C41B627B1C00023BE2 /* Info.plist */ = {isa = PBXFileReference; lastKnownFileType = text.plist.xml; path = Info.plist; sourceTree = "<group>"; };
		91B7A9C51B627B1C00023BE2 /* AVCompositionTestingTests.m */ = {isa = PBXFileReference; lastKnownFileType = sourcecode.c.objc; path = AVCompositionTestingTests.m; sourceTree = "<group>"; };
		91B7A9CF1B627D5B00023BE2 /* VideoCompositor.h */ = {isa = PBXFileReference; fileEncoding = 4; lastKnownFileType = sourcecode.c.h; path = VideoCompositor.h; sourceTree = "<group>"; };
		91B7A9D01B627D5B00023BE2 /* VideoCompositor.m */ = {isa = PBXFileReference; fileEncoding = 4; lastKnownFileType = sourcecode.c.objc; path = VideoCompositor.m; sourceTree = "<group>"; };
/* End PBXFileReference section */

/* Begin PBXFrameworksBuildPhase section */
		91B7A9A91B627B1C00023BE2 /* Frameworks */ = {
			isa = PBXFrameworksBuildPhase;
			buildActionMask = 2147483647;
			files = (
			);
			runOnlyForDeploymentPostprocessing = 0;
		};
		91B7A9BC1B627B1C00023BE2 /* Frameworks */ = {
			isa = PBXFrameworksBuildPhase;
			buildActionMask = 2147483647;
			files = (
			);
			runOnlyForDeploymentPostprocessing = 0;
		};
/* End PBXFrameworksBuildPhase section */

/* Begin PBXGroup section */
		91B7A9A31B627B1C00023BE2 = {
			isa = PBXGroup;
			children = (
				91B7A9AE1B627B1C00023BE2 /* AVCompositionTesting */,
				91B7A9C21B627B1C00023BE2 /* AVCompositionTestingTests */,
				91B7A9AD1B627B1C00023BE2 /* Products */,
			);
			sourceTree = "<group>";
		};
		91B7A9AD1B627B1C00023BE2 /* Products */ = {
			isa = PBXGroup;
			children = (
				91B7A9AC1B627B1C00023BE2 /* AVCompositionTesting.app */,
				91B7A9BF1B627B1C00023BE2 /* AVCompositionTestingTests.xctest */,
			);
			name = Products;
			sourceTree = "<group>";
		};
		91B7A9AE1B627B1C00023BE2 /* AVCompositionTesting */ = {
			isa = PBXGroup;
			children = (
				91B7A9B11B627B1C00023BE2 /* AppDelegate.h */,
				91B7A9B21B627B1C00023BE2 /* AppDelegate.m */,
				91B7A9CF1B627D5B00023BE2 /* VideoCompositor.h */,
				91B7A9D01B627D5B00023BE2 /* VideoCompositor.m */,
				91B7A9B61B627B1C00023BE2 /* Images.xcassets */,
				91B7A9B81B627B1C00023BE2 /* MainMenu.xib */,
				91B7A9AF1B627B1C00023BE2 /* Supporting Files */,
			);
			path = AVCompositionTesting;
			sourceTree = "<group>";
		};
		91B7A9AF1B627B1C00023BE2 /* Supporting Files */ = {
			isa = PBXGroup;
			children = (
				91B7A9B01B627B1C00023BE2 /* Info.plist */,
				91B7A9B41B627B1C00023BE2 /* main.m */,
			);
			name = "Supporting Files";
			sourceTree = "<group>";
		};
		91B7A9C21B627B1C00023BE2 /* AVCompositionTestingTests */ = {
			isa = PBXGroup;
			children = (
				91B7A9C51B627B1C00023BE2 /* AVCompositionTestingTests.m */,
				91B7A9C31B627B1C00023BE2 /* Supporting Files */,
			);
			path = AVCompositionTestingTests;
			sourceTree = "<group>";
		};
		91B7A9C31B627B1C00023BE2 /* Supporting Files */ = {
			isa = PBXGroup;
			children = (
				91B7A9C41B627B1C00023BE2 /* Info.plist */,
			);
			name = "Supporting Files";
			sourceTree = "<group>";
		};
/* End PBXGroup section */

/* Begin PBXNativeTarget section */
		91B7A9AB1B627B1C00023BE2 /* AVCompositionTesting */ = {
			isa = PBXNativeTarget;
			buildConfigurationList = 91B7A9C91B627B1C00023BE2 /* Build configuration list for PBXNativeTarget "AVCompositionTesting" */;
			buildPhases = (
				91B7A9A81B627B1C00023BE2 /* Sources */,
				91B7A9A91B627B1C00023BE2 /* Frameworks */,
				91B7A9AA1B627B1C00023BE2 /* Resources */,
			);
			buildRules = (
			);
			dependencies = (
			);
			name = AVCompositionTesting;
			productName = AVCompositionTesting;
			productReference = 91B7A9AC1B627B1C00023BE2 /* AVCompositionTesting.app */;
			productType = "com.apple.product-type.application";
		};
		91B7A9BE1B627B1C00023BE2 /* AVCompositionTestingTests */ = {
			isa = PBXNativeTarget;
			buildConfigurationList = 91B7A9CC1B627B1C00023BE2 /* Build configuration list for PBXNativeTarget "AVCompositionTestingTests" */;
			buildPhases = (
				91B7A9BB1B627B1C00023BE2 /* Sources */,
				91B7A9BC1B627B1C00023BE2 /* Frameworks */,
				91B7A9BD1B627B1C00023BE2 /* Resources */,
			);
			buildRules = (
			);
			dependencies = (
				91B7A9C11B627B1C00023BE2 /* PBXTargetDependency */,
			);
			name = AVCompositionTestingTests;
			productName = AVCompositionTestingTests;
			productReference = 91B7A9BF1B627B1C00023BE2 /* AVCompositionTestingTests.xctest */;
			productType = "com.apple.product-type.bundle.unit-test";
		};
/* End PBXNativeTarget section */

/* Begin PBXProject section */
		91B7A9A41B627B1C00023BE2 /* Project object */ = {
			isa = PBXProject;
			attributes = {
				LastUpgradeCheck = 0630;
				ORGANIZATIONNAME = oxygn;
				TargetAttributes = {
					91B7A9AB1B627B1C00023BE2 = {
						CreatedOnToolsVersion = 6.3.1;
					};
					91B7A9BE1B627B1C00023BE2 = {
						CreatedOnToolsVersion = 6.3.1;
						TestTargetID = 91B7A9AB1B627B1C00023BE2;
					};
				};
			};
			buildConfigurationList = 91B7A9A71B627B1C00023BE2 /* Build configuration list for PBXProject "AVCompositionTesting" */;
			compatibilityVersion = "Xcode 3.2";
			developmentRegion = English;
			hasScannedForEncodings = 0;
			knownRegions = (
				en,
				Base,
			);
			mainGroup = 91B7A9A31B627B1C00023BE2;
			productRefGroup = 91B7A9AD1B627B1C00023BE2 /* Products */;
			projectDirPath = "";
			projectRoot = "";
			targets = (
				91B7A9AB1B627B1C00023BE2 /* AVCompositionTesting */,
				91B7A9BE1B627B1C00023BE2 /* AVCompositionTestingTests */,
			);
		};
/* End PBXProject section */

/* Begin PBXResourcesBuildPhase section */
		91B7A9AA1B627B1C00023BE2 /* Resources */ = {
			isa = PBXResourcesBuildPhase;
			buildActionMask = 2147483647;
			files = (
				91B7A9B71B627B1C00023BE2 /* Images.xcassets in Resources */,
				91B7A9BA1B627B1C00023BE2 /* MainMenu.xib in Resources */,
			);
			runOnlyForDeploymentPostprocessing = 0;
		};
		91B7A9BD1B627B1C00023BE2 /* Resources */ = {
			isa = PBXResourcesBuildPhase;
			buildActionMask = 2147483647;
			files = (
			);
			runOnlyForDeploymentPostprocessing = 0;
		};
/* End PBXResourcesBuildPhase section */

/* Begin PBXSourcesBuildPhase section */
		91B7A9A81B627B1C00023BE2 /* Sources */ = {
			isa = PBXSourcesBuildPhase;
			buildActionMask = 2147483647;
			files = (
				91B7A9B51B627B1C00023BE2 /* main.m in Sources */,
				91B7A9B31B627B1C00023BE2 /* AppDelegate.m in Sources */,
				91B7A9D11B627D5C00023BE2 /* VideoCompositor.m in Sources */,
			);
			runOnlyForDeploymentPostprocessing = 0;
		};
		91B7A9BB1B627B1C00023BE2 /* Sources */ = {
			isa = PBXSourcesBuildPhase;
			buildActionMask = 2147483647;
			files = (
				91B7A9D21B627D5C00023BE2 /* VideoCompositor.m in Sources */,
				91B7A9C61B627B1C00023BE2 /* AVCompositionTestingTests.m in Sources */,
			);
			runOnlyForDeploymentPostprocessing = 0;
		};
/* End PBXSourcesBuildPhase section */

/* Begin PBXTargetDependency section */
		91B7A9C11B627B1C00023BE2 /* PBXTargetDependency */ = {
			isa = PBXTargetDependency;
			target = 91B7A9AB1B627B1C00023BE2 /* AVCompositionTesting */;
			targetProxy = 91B7A9C01B627B1C00023BE2 /* PBXContainerItemProxy */;
		};
/* End PBXTargetDependency section */

/* Begin PBXVariantGroup section */
		91B7A9B81B627B1C00023BE2 /* MainMenu.xib */ = {
			isa = PBXVariantGroup;
			children = (
				91B7A9B91B627B1C00023BE2 /* Base */,
			);
			name = MainMenu.xib;
			sourceTree = "<group>";
		};
/* End PBXVariantGroup section */

/* Begin XCBuildConfiguration section */
		91B7A9C71B627B1C00023BE2 /* Debug */ = {
			isa = XCBuildConfiguration;
			buildSettings = {
				ALWAYS_SEARCH_USER_PATHS = NO;
				CLANG_CXX_LANGUAGE_STANDARD = "gnu++0x";
				CLANG_CXX_LIBRARY = "libc++";
				CLANG_ENABLE_MODULES = YES;
				CLANG_ENABLE_OBJC_ARC = YES;
				CLANG_WARN_BOOL_CONVERSION = YES;
				CLANG_WARN_CONSTANT_CONVERSION = YES;
				CLANG_WARN_DIRECT_OBJC_ISA_USAGE = YES_ERROR;
				CLANG_WARN_EMPTY_BODY = YES;
				CLANG_WARN_ENUM_CONVERSION = YES;
				CLANG_WARN_INT_CONVERSION = YES;
				CLANG_WARN_OBJC_ROOT_CLASS = YES_ERROR;
				CLANG_WARN_UNREACHABLE_CODE = YES;
				CLANG_WARN__DUPLICATE_METHOD_MATCH = YES;
				CODE_SIGN_IDENTITY = "-";
				COPY_PHASE_STRIP = NO;
				DEBUG_INFORMATION_FORMAT = dwarf;
				ENABLE_STRICT_OBJC_MSGSEND = YES;
				GCC_C_LANGUAGE_STANDARD = gnu99;
				GCC_DYNAMIC_NO_PIC = NO;
				GCC_NO_COMMON_BLOCKS = YES;
				GCC_OPTIMIZATION_LEVEL = 0;
				GCC_PREPROCESSOR_DEFINITIONS = (
					"DEBUG=1",
					"$(inherited)",
				);
				GCC_SYMBOLS_PRIVATE_EXTERN = NO;
				GCC_WARN_64_TO_32_BIT_CONVERSION = YES;
				GCC_WARN_ABOUT_RETURN_TYPE = YES_ERROR;
				GCC_WARN_UNDECLARED_SELECTOR = YES;
				GCC_WARN_UNINITIALIZED_AUTOS = YES_AGGRESSIVE;
				GCC_WARN_UNUSED_FUNCTION = YES;
				GCC_WARN_UNUSED_VARIABLE = YES;
				MACOSX_DEPLOYMENT_TARGET = 10.10;
				MTL_ENABLE_DEBUG_INFO = YES;
				ONLY_ACTIVE_ARCH = YES;
				SDKROOT = macosx;
			};
			name = Debug;
		};
		91B7A9C81B627B1C00023BE2 /* Release */ = {
			isa = XCBuildConfiguration;
			buildSettings = {
				ALWAYS_SEARCH_USER_PATHS = NO;
				CLANG_CXX_LANGUAGE_STANDARD = "gnu++0x";
				CLANG_CXX_LIBRARY = "libc++";
				CLANG_ENABLE_MODULES = YES;
				CLANG_ENABLE_OBJC_ARC = YES;
				CLANG_WARN_BOOL_CONVERSION = YES;
				CLANG_WARN_CONSTANT_CONVERSION = YES;
				CLANG_WARN_DIRECT_OBJC_ISA_USAGE = YES_ERROR;
				CLANG_WARN_EMPTY_BODY = YES;
				CLANG_WARN_ENUM_CONVERSION = YES;
				CLANG_WARN_INT_CONVERSION = YES;
				CLANG_WARN_OBJC_ROOT_CLASS = YES_ERROR;
				CLANG_WARN_UNREACHABLE_CODE = YES;
				CLANG_WARN__DUPLICATE_METHOD_MATCH = YES;
				CODE_SIGN_IDENTITY = "-";
				COPY_PHASE_STRIP = NO;
				DEBUG_INFORMATION_FORMAT = "dwarf-with-dsym";
				ENABLE_NS_ASSERTIONS = NO;
				ENABLE_STRICT_OBJC_MSGSEND = YES;
				GCC_C_LANGUAGE_STANDARD = gnu99;
				GCC_NO_COMMON_BLOCKS = YES;
				GCC_WARN_64_TO_32_BIT_CONVERSION = YES;
				GCC_WARN_ABOUT_RETURN_TYPE = YES_ERROR;
				GCC_WARN_UNDECLARED_SELECTOR = YES;
				GCC_WARN_UNINITIALIZED_AUTOS = YES_AGGRESSIVE;
				GCC_WARN_UNUSED_FUNCTION = YES;
				GCC_WARN_UNUSED_VARIABLE = YES;
				MACOSX_DEPLOYMENT_TARGET = 10.10;
				MTL_ENABLE_DEBUG_INFO = NO;
				SDKROOT = macosx;
			};
			name = Release;
		};
		91B7A9CA1B627B1C00023BE2 /* Debug */ = {
			isa = XCBuildConfiguration;
			buildSettings = {
				ASSETCATALOG_COMPILER_APPICON_NAME = AppIcon;
				COMBINE_HIDPI_IMAGES = YES;
				INFOPLIST_FILE = AVCompositionTesting/Info.plist;
				LD_RUNPATH_SEARCH_PATHS = "$(inherited) @executable_path/../Frameworks";
				PRODUCT_NAME = "$(TARGET_NAME)";
			};
			name = Debug;
		};
		91B7A9CB1B627B1C00023BE2 /* Release */ = {
			isa = XCBuildConfiguration;
			buildSettings = {
				ASSETCATALOG_COMPILER_APPICON_NAME = AppIcon;
				COMBINE_HIDPI_IMAGES = YES;
				INFOPLIST_FILE = AVCompositionTesting/Info.plist;
				LD_RUNPATH_SEARCH_PATHS = "$(inherited) @executable_path/../Frameworks";
				PRODUCT_NAME = "$(TARGET_NAME)";
			};
			name = Release;
		};
		91B7A9CD1B627B1C00023BE2 /* Debug */ = {
			isa = XCBuildConfiguration;
			buildSettings = {
				BUNDLE_LOADER = "$(TEST_HOST)";
				COMBINE_HIDPI_IMAGES = YES;
				FRAMEWORK_SEARCH_PATHS = (
					"$(DEVELOPER_FRAMEWORKS_DIR)",
					"$(inherited)",
				);
				GCC_PREPROCESSOR_DEFINITIONS = (
					"DEBUG=1",
					"$(inherited)",
				);
				INFOPLIST_FILE = AVCompositionTestingTests/Info.plist;
				LD_RUNPATH_SEARCH_PATHS = "$(inherited) @executable_path/../Frameworks @loader_path/../Frameworks";
				PRODUCT_NAME = "$(TARGET_NAME)";
				TEST_HOST = "$(BUILT_PRODUCTS_DIR)/AVCompositionTesting.app/Contents/MacOS/AVCompositionTesting";
			};
			name = Debug;
		};
		91B7A9CE1B627B1C00023BE2 /* Release */ = {
			isa = XCBuildConfiguration;
			buildSettings = {
				BUNDLE_LOADER = "$(TEST_HOST)";
				COMBINE_HIDPI_IMAGES = YES;
				FRAMEWORK_SEARCH_PATHS = (
					"$(DEVELOPER_FRAMEWORKS_DIR)",
					"$(inherited)",
				);
				INFOPLIST_FILE = AVCompositionTestingTests/Info.plist;
				LD_RUNPATH_SEARCH_PATHS = "$(inherited) @executable_path/../Frameworks @loader_path/../Frameworks";
				PRODUCT_NAME = "$(TARGET_NAME)";
				TEST_HOST = "$(BUILT_PRODUCTS_DIR)/AVCompositionTesting.app/Contents/MacOS/AVCompositionTesting";
			};
			name = Release;
		};
/* End XCBuildConfiguration section */

/* Begin XCConfigurationList section */
		91B7A9A71B627B1C00023BE2 /* Build configuration list for PBXProject "AVCompositionTesting" */ = {
			isa = XCConfigurationList;
			buildConfigurations = (
				91B7A9C71B627B1C00023BE2 /* Debug */,
				91B7A9C81B627B1C00023BE2 /* Release */,
			);
			defaultConfigurationIsVisible = 0;
			defaultConfigurationName = Release;
		};
		91B7A9C91B627B1C00023BE2 /* Build configuration list for PBXNativeTarget "AVCompositionTesting" */ = {
			isa = XCConfigurationList;
			buildConfigurations = (
				91B7A9CA1B627B1C00023BE2 /* Debug */,
				91B7A9CB1B627B1C00023BE2 /* Release */,
			);
			defaultConfigurationIsVisible = 0;
		};
		91B7A9CC1B627B1C00023BE2 /* Build configuration list for PBXNativeTarget "AVCompositionTestingTests" */ = {
			isa = XCConfigurationList;
			buildConfigurations = (
				91B7A9CD1B627B1C00023BE2 /* Debug */,
				91B7A9CE1B627B1C00023BE2 /* Release */,
			);
			defaultConfigurationIsVisible = 0;
		};
/* End XCConfigurationList section */
	};
	rootObject = 91B7A9A41B627B1C00023BE2 /* Project object */;
}
